
Microsoft Visual Studio Solution File, Format Version 12.00
# Visual Studio 15
VisualStudioVersion = 15.0.28307.539
MinimumVisualStudioVersion = 10.0.40219.1
Project("{FAE04EC0-301F-11D3-BF4B-00C04F79EFBC}") = "EntityFrameworkCore.TestDataAnnotationCompositeKey", "EntityFrameworkCore.TestDataAnnotationCompositeKey\EntityFrameworkCore.TestDataAnnotationCompositeKey.csproj", "{76848B29-61DF-4399-93A2-17283F16EC83}"
EndProject
Global
	GlobalSection(SolutionConfigurationPlatforms) = preSolution
		Debug|Any CPU = Debug|Any CPU
		Release|Any CPU = Release|Any CPU
	EndGlobalSection
	GlobalSection(ProjectConfigurationPlatforms) = postSolution
		{76848B29-61DF-4399-93A2-17283F16EC83}.Debug|Any CPU.ActiveCfg = Debug|Any CPU
		{76848B29-61DF-4399-93A2-17283F16EC83}.Debug|Any CPU.Build.0 = Debug|Any CPU
		{76848B29-61DF-4399-93A2-17283F16EC83}.Release|Any CPU.ActiveCfg = Release|Any CPU
		{76848B29-61DF-4399-93A2-17283F16EC83}.Release|Any CPU.Build.0 = Release|Any CPU
	EndGlobalSection
	GlobalSection(SolutionProperties) = preSolution
		HideSolutionNode = FALSE
	EndGlobalSection
	GlobalSection(ExtensibilityGlobals) = postSolution
		SolutionGuid = {50E48F1F-A3DA-4DBA-BF93-23F654F78DA8}
	EndGlobalSection
EndGlobal
